
Microsoft Visual Studio Solution File, Format Version 12.00
# Visual Studio Version 17
VisualStudioVersion = 17.13.35825.156
MinimumVisualStudioVersion = 10.0.40219.1
Project("{FAE04EC0-301F-11D3-BF4B-00C04F79EFBC}") = "WebApi", "WebApi\WebApi.csproj", "{90D08413-1E2F-4598-AF64-2E4E62ED8A89}"
EndProject
Project("{2150E333-8FDC-42A3-9474-1A3956D46DE8}") = "src", "src", "{36D591C7-65C7-A0D1-1CBC-10CDE441BDC8}"
EndProject
Project("{2150E333-8FDC-42A3-9474-1A3956D46DE8}") = "Presentation", "Presentation", "{08FD5B7A-658C-442F-A4F6-704A284EBA0E}"
EndProject
Project("{2150E333-8FDC-42A3-9474-1A3956D46DE8}") = "Domain", "Domain", "{03DEE96E-4998-41B2-AC23-3EFBB6F94459}"
EndProject
Project("{FAE04EC0-301F-11D3-BF4B-00C04F79EFBC}") = "Domain", "Domain\Domain.csproj", "{0AAAA373-CEE5-42F2-9857-1D6B02E9C60A}"
EndProject
Project("{2150E333-8FDC-42A3-9474-1A3956D46DE8}") = "Application", "Application", "{ADBA0268-841B-4FA6-B160-762E09278752}"
EndProject
Project("{2150E333-8FDC-42A3-9474-1A3956D46DE8}") = "Infrastructure", "Infrastructure", "{89AD6A91-A584-46FB-A709-20E1C1E4427A}"
EndProject
Project("{FAE04EC0-301F-11D3-BF4B-00C04F79EFBC}") = "Infrastructure.Repositories", "Infrastructure.Repositories\Infrastructure.Repositories.csproj", "{FC315398-AABB-4880-83E8-8946F31B7982}"
EndProject
Project("{FAE04EC0-301F-11D3-BF4B-00C04F79EFBC}") = "Infrustructure.EntityFramework", "Infrustructure.EntityFramework\Infrustructure.EntityFramework.csproj", "{495E5B4D-64FD-4891-9570-144B47D2408F}"
EndProject
Project("{FAE04EC0-301F-11D3-BF4B-00C04F79EFBC}") = "Application.Abstracts", "Application.Abstracts\Application.Abstracts.csproj", "{9DE6BD99-ABE6-460B-8299-9C3EBF953FEE}"
EndProject
Project("{FAE04EC0-301F-11D3-BF4B-00C04F79EFBC}") = "Application.Implementations", "Application.Implementations\Application.Implementations.csproj", "{5D0222FF-1947-4C03-A84B-4290298CDD07}"
EndProject
Project("{FAE04EC0-301F-11D3-BF4B-00C04F79EFBC}") = "Application.Contracts", "Application.Contracts\Application.Contracts.csproj", "{B3C3D43A-3825-465E-B590-FE7827E301C4}"
EndProject
Global
	GlobalSection(SolutionConfigurationPlatforms) = preSolution
		Debug|Any CPU = Debug|Any CPU
		Release|Any CPU = Release|Any CPU
	EndGlobalSection
	GlobalSection(ProjectConfigurationPlatforms) = postSolution
		{90D08413-1E2F-4598-AF64-2E4E62ED8A89}.Debug|Any CPU.ActiveCfg = Debug|Any CPU
		{90D08413-1E2F-4598-AF64-2E4E62ED8A89}.Debug|Any CPU.Build.0 = Debug|Any CPU
		{90D08413-1E2F-4598-AF64-2E4E62ED8A89}.Release|Any CPU.ActiveCfg = Release|Any CPU
		{90D08413-1E2F-4598-AF64-2E4E62ED8A89}.Release|Any CPU.Build.0 = Release|Any CPU
		{0AAAA373-CEE5-42F2-9857-1D6B02E9C60A}.Debug|Any CPU.ActiveCfg = Debug|Any CPU
		{0AAAA373-CEE5-42F2-9857-1D6B02E9C60A}.Debug|Any CPU.Build.0 = Debug|Any CPU
		{0AAAA373-CEE5-42F2-9857-1D6B02E9C60A}.Release|Any CPU.ActiveCfg = Release|Any CPU
		{0AAAA373-CEE5-42F2-9857-1D6B02E9C60A}.Release|Any CPU.Build.0 = Release|Any CPU
		{FC315398-AABB-4880-83E8-8946F31B7982}.Debug|Any CPU.ActiveCfg = Debug|Any CPU
		{FC315398-AABB-4880-83E8-8946F31B7982}.Debug|Any CPU.Build.0 = Debug|Any CPU
		{FC315398-AABB-4880-83E8-8946F31B7982}.Release|Any CPU.ActiveCfg = Release|Any CPU
		{FC315398-AABB-4880-83E8-8946F31B7982}.Release|Any CPU.Build.0 = Release|Any CPU
		{495E5B4D-64FD-4891-9570-144B47D2408F}.Debug|Any CPU.ActiveCfg = Debug|Any CPU
		{495E5B4D-64FD-4891-9570-144B47D2408F}.Debug|Any CPU.Build.0 = Debug|Any CPU
		{495E5B4D-64FD-4891-9570-144B47D2408F}.Release|Any CPU.ActiveCfg = Release|Any CPU
		{495E5B4D-64FD-4891-9570-144B47D2408F}.Release|Any CPU.Build.0 = Release|Any CPU
		{9DE6BD99-ABE6-460B-8299-9C3EBF953FEE}.Debug|Any CPU.ActiveCfg = Debug|Any CPU
		{9DE6BD99-ABE6-460B-8299-9C3EBF953FEE}.Debug|Any CPU.Build.0 = Debug|Any CPU
		{9DE6BD99-ABE6-460B-8299-9C3EBF953FEE}.Release|Any CPU.ActiveCfg = Release|Any CPU
		{9DE6BD99-ABE6-460B-8299-9C3EBF953FEE}.Release|Any CPU.Build.0 = Release|Any CPU
		{5D0222FF-1947-4C03-A84B-4290298CDD07}.Debug|Any CPU.ActiveCfg = Debug|Any CPU
		{5D0222FF-1947-4C03-A84B-4290298CDD07}.Debug|Any CPU.Build.0 = Debug|Any CPU
		{5D0222FF-1947-4C03-A84B-4290298CDD07}.Release|Any CPU.ActiveCfg = Release|Any CPU
		{5D0222FF-1947-4C03-A84B-4290298CDD07}.Release|Any CPU.Build.0 = Release|Any CPU
		{B3C3D43A-3825-465E-B590-FE7827E301C4}.Debug|Any CPU.ActiveCfg = Debug|Any CPU
		{B3C3D43A-3825-465E-B590-FE7827E301C4}.Debug|Any CPU.Build.0 = Debug|Any CPU
		{B3C3D43A-3825-465E-B590-FE7827E301C4}.Release|Any CPU.ActiveCfg = Release|Any CPU
		{B3C3D43A-3825-465E-B590-FE7827E301C4}.Release|Any CPU.Build.0 = Release|Any CPU
	EndGlobalSection
	GlobalSection(SolutionProperties) = preSolution
		HideSolutionNode = FALSE
	EndGlobalSection
	GlobalSection(NestedProjects) = preSolution
		{90D08413-1E2F-4598-AF64-2E4E62ED8A89} = {08FD5B7A-658C-442F-A4F6-704A284EBA0E}
		{08FD5B7A-658C-442F-A4F6-704A284EBA0E} = {36D591C7-65C7-A0D1-1CBC-10CDE441BDC8}
		{03DEE96E-4998-41B2-AC23-3EFBB6F94459} = {36D591C7-65C7-A0D1-1CBC-10CDE441BDC8}
		{0AAAA373-CEE5-42F2-9857-1D6B02E9C60A} = {03DEE96E-4998-41B2-AC23-3EFBB6F94459}
		{ADBA0268-841B-4FA6-B160-762E09278752} = {36D591C7-65C7-A0D1-1CBC-10CDE441BDC8}
		{89AD6A91-A584-46FB-A709-20E1C1E4427A} = {36D591C7-65C7-A0D1-1CBC-10CDE441BDC8}
		{FC315398-AABB-4880-83E8-8946F31B7982} = {89AD6A91-A584-46FB-A709-20E1C1E4427A}
		{495E5B4D-64FD-4891-9570-144B47D2408F} = {89AD6A91-A584-46FB-A709-20E1C1E4427A}
		{9DE6BD99-ABE6-460B-8299-9C3EBF953FEE} = {ADBA0268-841B-4FA6-B160-762E09278752}
		{5D0222FF-1947-4C03-A84B-4290298CDD07} = {ADBA0268-841B-4FA6-B160-762E09278752}
		{B3C3D43A-3825-465E-B590-FE7827E301C4} = {ADBA0268-841B-4FA6-B160-762E09278752}
	EndGlobalSection
	GlobalSection(ExtensibilityGlobals) = postSolution
		SolutionGuid = {7FB3B08B-1B37-4421-81BB-9634AAD73F7E}
	EndGlobalSection
EndGlobal
