Microsoft Visual Studio Solution File, Format Version 12.00
# Visual Studio Version 17
VisualStudioVersion = 17.13.35825.156
MinimumVisualStudioVersion = 10.0.40219.1
Project("{2150E333-8FDC-42A3-9474-1A3956D46DE8}") = "src", "src", "{36D591C7-65C7-A0D1-1CBC-10CDE441BDC8}"
EndProject
Project("{2150E333-8FDC-42A3-9474-1A3956D46DE8}") = "Presentation", "Presentation", "{08FD5B7A-658C-442F-A4F6-704A284EBA0E}"
EndProject
Project("{2150E333-8FDC-42A3-9474-1A3956D46DE8}") = "Domain", "Domain", "{03DEE96E-4998-41B2-AC23-3EFBB6F94459}"
EndProject
Project("{2150E333-8FDC-42A3-9474-1A3956D46DE8}") = "Application", "Application", "{ADBA0268-841B-4FA6-B160-762E09278752}"
EndProject
Project("{2150E333-8FDC-42A3-9474-1A3956D46DE8}") = "Contracts", "Contracts", "{B1ED7AC2-C66A-4A24-A21C-3F0482472B79}"
EndProject
Project("{9A19103F-16F7-4668-BE54-9A1E7A4F7556}") = "VHub.Media.Api.Contracts", "VHub.Media.Api.Contracts\VHub.Media.Api.Contracts.csproj", "{AB1ACF53-DE48-4AB0-A84F-03C4DC5242D3}"
EndProject
Project("{9A19103F-16F7-4668-BE54-9A1E7A4F7556}") = "VHub.Media.Application", "VHub.Media.Application\VHub.Media.Application.csproj", "{DB64911E-41D9-44F3-B50D-D5CD5A7BC8FF}"
EndProject
Project("{9A19103F-16F7-4668-BE54-9A1E7A4F7556}") = "VHub.Media.Domain", "VHub.Media.Domain\VHub.Media.Domain.csproj", "{835FB2C8-D16D-463E-8914-7A34154A8DBE}"
EndProject
Project("{9A19103F-16F7-4668-BE54-9A1E7A4F7556}") = "VHub.Media.Host", "VHub.Media.Host\VHub.Media.Host.csproj", "{A1F17922-1F7B-4A51-A566-79F49E7076D0}"
EndProject
Project("{9A19103F-16F7-4668-BE54-9A1E7A4F7556}") = "VHub.Media.Application.Contracts", "VHub.Media.Application.Contracts\VHub.Media.Application.Contracts.csproj", "{6661DE9F-8CA4-44E7-B185-3964A78F247E}"
EndProject
Global
	GlobalSection(SolutionConfigurationPlatforms) = preSolution
		Debug|Any CPU = Debug|Any CPU
		Release|Any CPU = Release|Any CPU
	EndGlobalSection
	GlobalSection(ProjectConfigurationPlatforms) = postSolution
		{AB1ACF53-DE48-4AB0-A84F-03C4DC5242D3}.Debug|Any CPU.ActiveCfg = Debug|Any CPU
		{AB1ACF53-DE48-4AB0-A84F-03C4DC5242D3}.Debug|Any CPU.Build.0 = Debug|Any CPU
		{AB1ACF53-DE48-4AB0-A84F-03C4DC5242D3}.Release|Any CPU.ActiveCfg = Release|Any CPU
		{AB1ACF53-DE48-4AB0-A84F-03C4DC5242D3}.Release|Any CPU.Build.0 = Release|Any CPU
		{DB64911E-41D9-44F3-B50D-D5CD5A7BC8FF}.Debug|Any CPU.ActiveCfg = Debug|Any CPU
		{DB64911E-41D9-44F3-B50D-D5CD5A7BC8FF}.Debug|Any CPU.Build.0 = Debug|Any CPU
		{DB64911E-41D9-44F3-B50D-D5CD5A7BC8FF}.Release|Any CPU.ActiveCfg = Release|Any CPU
		{DB64911E-41D9-44F3-B50D-D5CD5A7BC8FF}.Release|Any CPU.Build.0 = Release|Any CPU
		{835FB2C8-D16D-463E-8914-7A34154A8DBE}.Debug|Any CPU.ActiveCfg = Debug|Any CPU
		{835FB2C8-D16D-463E-8914-7A34154A8DBE}.Debug|Any CPU.Build.0 = Debug|Any CPU
		{835FB2C8-D16D-463E-8914-7A34154A8DBE}.Release|Any CPU.ActiveCfg = Release|Any CPU
		{835FB2C8-D16D-463E-8914-7A34154A8DBE}.Release|Any CPU.Build.0 = Release|Any CPU
		{A1F17922-1F7B-4A51-A566-79F49E7076D0}.Debug|Any CPU.ActiveCfg = Debug|Any CPU
		{A1F17922-1F7B-4A51-A566-79F49E7076D0}.Debug|Any CPU.Build.0 = Debug|Any CPU
		{A1F17922-1F7B-4A51-A566-79F49E7076D0}.Release|Any CPU.ActiveCfg = Release|Any CPU
		{A1F17922-1F7B-4A51-A566-79F49E7076D0}.Release|Any CPU.Build.0 = Release|Any CPU
		{6661DE9F-8CA4-44E7-B185-3964A78F247E}.Debug|Any CPU.ActiveCfg = Debug|Any CPU
		{6661DE9F-8CA4-44E7-B185-3964A78F247E}.Debug|Any CPU.Build.0 = Debug|Any CPU
		{6661DE9F-8CA4-44E7-B185-3964A78F247E}.Release|Any CPU.ActiveCfg = Release|Any CPU
		{6661DE9F-8CA4-44E7-B185-3964A78F247E}.Release|Any CPU.Build.0 = Release|Any CPU
	EndGlobalSection
	GlobalSection(SolutionProperties) = preSolution
		HideSolutionNode = FALSE
	EndGlobalSection
	GlobalSection(NestedProjects) = preSolution
		{08FD5B7A-658C-442F-A4F6-704A284EBA0E} = {36D591C7-65C7-A0D1-1CBC-10CDE441BDC8}
		{03DEE96E-4998-41B2-AC23-3EFBB6F94459} = {36D591C7-65C7-A0D1-1CBC-10CDE441BDC8}
		{ADBA0268-841B-4FA6-B160-762E09278752} = {36D591C7-65C7-A0D1-1CBC-10CDE441BDC8}
		{B1ED7AC2-C66A-4A24-A21C-3F0482472B79} = {36D591C7-65C7-A0D1-1CBC-10CDE441BDC8}
		{AB1ACF53-DE48-4AB0-A84F-03C4DC5242D3} = {B1ED7AC2-C66A-4A24-A21C-3F0482472B79}
		{DB64911E-41D9-44F3-B50D-D5CD5A7BC8FF} = {ADBA0268-841B-4FA6-B160-762E09278752}
		{835FB2C8-D16D-463E-8914-7A34154A8DBE} = {03DEE96E-4998-41B2-AC23-3EFBB6F94459}
		{A1F17922-1F7B-4A51-A566-79F49E7076D0} = {08FD5B7A-658C-442F-A4F6-704A284EBA0E}
		{6661DE9F-8CA4-44E7-B185-3964A78F247E} = {ADBA0268-841B-4FA6-B160-762E09278752}
	EndGlobalSection
	GlobalSection(ExtensibilityGlobals) = postSolution
		SolutionGuid = {7FB3B08B-1B37-4421-81BB-9634AAD73F7E}
	EndGlobalSection
EndGlobal
